
Microsoft Visual Studio Solution File, Format Version 12.00
# Visual Studio 15
VisualStudioVersion = 15.0.26124.0
MinimumVisualStudioVersion = 15.0.26124.0
Project("{FAE04EC0-301F-11D3-BF4B-00C04F79EFBC}") = "WebApi", "WebApi\WebApi.csproj", "{79E294F4-B7E5-4426-832F-377758DB6F73}"
EndProject
Project("{FAE04EC0-301F-11D3-BF4B-00C04F79EFBC}") = "DataAccess", "DataAccess\DataAccess.csproj", "{BD5428A6-E534-4A74-9DC8-3252B04E06DD}"
EndProject
Project("{FAE04EC0-301F-11D3-BF4B-00C04F79EFBC}") = "BusinessLogic", "BusinessLogic\BusinessLogic.csproj", "{37949FA4-622F-43CB-9D9B-B563CE85F8B1}"
EndProject
Project("{FAE04EC0-301F-11D3-BF4B-00C04F79EFBC}") = "Shared", "Shared\Shared.csproj", "{202F77CF-1770-4637-B615-194E70582626}"
EndProject
Global
	GlobalSection(SolutionConfigurationPlatforms) = preSolution
		Debug|Any CPU = Debug|Any CPU
		Debug|x64 = Debug|x64
		Debug|x86 = Debug|x86
		Release|Any CPU = Release|Any CPU
		Release|x64 = Release|x64
		Release|x86 = Release|x86
	EndGlobalSection
	GlobalSection(SolutionProperties) = preSolution
		HideSolutionNode = FALSE
	EndGlobalSection
	GlobalSection(ProjectConfigurationPlatforms) = postSolution
		{79E294F4-B7E5-4426-832F-377758DB6F73}.Debug|Any CPU.ActiveCfg = Debug|Any CPU
		{79E294F4-B7E5-4426-832F-377758DB6F73}.Debug|Any CPU.Build.0 = Debug|Any CPU
		{79E294F4-B7E5-4426-832F-377758DB6F73}.Debug|x64.ActiveCfg = Debug|Any CPU
		{79E294F4-B7E5-4426-832F-377758DB6F73}.Debug|x64.Build.0 = Debug|Any CPU
		{79E294F4-B7E5-4426-832F-377758DB6F73}.Debug|x86.ActiveCfg = Debug|Any CPU
		{79E294F4-B7E5-4426-832F-377758DB6F73}.Debug|x86.Build.0 = Debug|Any CPU
		{79E294F4-B7E5-4426-832F-377758DB6F73}.Release|Any CPU.ActiveCfg = Release|Any CPU
		{79E294F4-B7E5-4426-832F-377758DB6F73}.Release|Any CPU.Build.0 = Release|Any CPU
		{79E294F4-B7E5-4426-832F-377758DB6F73}.Release|x64.ActiveCfg = Release|Any CPU
		{79E294F4-B7E5-4426-832F-377758DB6F73}.Release|x64.Build.0 = Release|Any CPU
		{79E294F4-B7E5-4426-832F-377758DB6F73}.Release|x86.ActiveCfg = Release|Any CPU
		{79E294F4-B7E5-4426-832F-377758DB6F73}.Release|x86.Build.0 = Release|Any CPU
		{BD5428A6-E534-4A74-9DC8-3252B04E06DD}.Debug|Any CPU.ActiveCfg = Debug|Any CPU
		{BD5428A6-E534-4A74-9DC8-3252B04E06DD}.Debug|Any CPU.Build.0 = Debug|Any CPU
		{BD5428A6-E534-4A74-9DC8-3252B04E06DD}.Debug|x64.ActiveCfg = Debug|Any CPU
		{BD5428A6-E534-4A74-9DC8-3252B04E06DD}.Debug|x64.Build.0 = Debug|Any CPU
		{BD5428A6-E534-4A74-9DC8-3252B04E06DD}.Debug|x86.ActiveCfg = Debug|Any CPU
		{BD5428A6-E534-4A74-9DC8-3252B04E06DD}.Debug|x86.Build.0 = Debug|Any CPU
		{BD5428A6-E534-4A74-9DC8-3252B04E06DD}.Release|Any CPU.ActiveCfg = Release|Any CPU
		{BD5428A6-E534-4A74-9DC8-3252B04E06DD}.Release|Any CPU.Build.0 = Release|Any CPU
		{BD5428A6-E534-4A74-9DC8-3252B04E06DD}.Release|x64.ActiveCfg = Release|Any CPU
		{BD5428A6-E534-4A74-9DC8-3252B04E06DD}.Release|x64.Build.0 = Release|Any CPU
		{BD5428A6-E534-4A74-9DC8-3252B04E06DD}.Release|x86.ActiveCfg = Release|Any CPU
		{BD5428A6-E534-4A74-9DC8-3252B04E06DD}.Release|x86.Build.0 = Release|Any CPU
		{37949FA4-622F-43CB-9D9B-B563CE85F8B1}.Debug|Any CPU.ActiveCfg = Debug|Any CPU
		{37949FA4-622F-43CB-9D9B-B563CE85F8B1}.Debug|Any CPU.Build.0 = Debug|Any CPU
		{37949FA4-622F-43CB-9D9B-B563CE85F8B1}.Debug|x64.ActiveCfg = Debug|Any CPU
		{37949FA4-622F-43CB-9D9B-B563CE85F8B1}.Debug|x64.Build.0 = Debug|Any CPU
		{37949FA4-622F-43CB-9D9B-B563CE85F8B1}.Debug|x86.ActiveCfg = Debug|Any CPU
		{37949FA4-622F-43CB-9D9B-B563CE85F8B1}.Debug|x86.Build.0 = Debug|Any CPU
		{37949FA4-622F-43CB-9D9B-B563CE85F8B1}.Release|Any CPU.ActiveCfg = Release|Any CPU
		{37949FA4-622F-43CB-9D9B-B563CE85F8B1}.Release|Any CPU.Build.0 = Release|Any CPU
		{37949FA4-622F-43CB-9D9B-B563CE85F8B1}.Release|x64.ActiveCfg = Release|Any CPU
		{37949FA4-622F-43CB-9D9B-B563CE85F8B1}.Release|x64.Build.0 = Release|Any CPU
		{37949FA4-622F-43CB-9D9B-B563CE85F8B1}.Release|x86.ActiveCfg = Release|Any CPU
		{37949FA4-622F-43CB-9D9B-B563CE85F8B1}.Release|x86.Build.0 = Release|Any CPU
		{202F77CF-1770-4637-B615-194E70582626}.Debug|Any CPU.ActiveCfg = Debug|Any CPU
		{202F77CF-1770-4637-B615-194E70582626}.Debug|Any CPU.Build.0 = Debug|Any CPU
		{202F77CF-1770-4637-B615-194E70582626}.Debug|x64.ActiveCfg = Debug|Any CPU
		{202F77CF-1770-4637-B615-194E70582626}.Debug|x64.Build.0 = Debug|Any CPU
		{202F77CF-1770-4637-B615-194E70582626}.Debug|x86.ActiveCfg = Debug|Any CPU
		{202F77CF-1770-4637-B615-194E70582626}.Debug|x86.Build.0 = Debug|Any CPU
		{202F77CF-1770-4637-B615-194E70582626}.Release|Any CPU.ActiveCfg = Release|Any CPU
		{202F77CF-1770-4637-B615-194E70582626}.Release|Any CPU.Build.0 = Release|Any CPU
		{202F77CF-1770-4637-B615-194E70582626}.Release|x64.ActiveCfg = Release|Any CPU
		{202F77CF-1770-4637-B615-194E70582626}.Release|x64.Build.0 = Release|Any CPU
		{202F77CF-1770-4637-B615-194E70582626}.Release|x86.ActiveCfg = Release|Any CPU
		{202F77CF-1770-4637-B615-194E70582626}.Release|x86.Build.0 = Release|Any CPU
	EndGlobalSection
EndGlobal
